// !$*UTF8*$!
{
	archiveVersion = 1;
	classes = {
	};
	objectVersion = 50;
	objects = {

/* Begin PBXBuildFile section */
		859A29BE23AA9BC8005F8173 /* AppDelegate.swift in Sources */ = {isa = PBXBuildFile; fileRef = 859A29BD23AA9BC8005F8173 /* AppDelegate.swift */; };
		859A29C023AA9BC8005F8173 /* SceneDelegate.swift in Sources */ = {isa = PBXBuildFile; fileRef = 859A29BF23AA9BC8005F8173 /* SceneDelegate.swift */; };
		859A29C223AA9BC8005F8173 /* UserInfoViewController.swift in Sources */ = {isa = PBXBuildFile; fileRef = 859A29C123AA9BC8005F8173 /* UserInfoViewController.swift */; };
		859A29C723AA9BCA005F8173 /* Assets.xcassets in Resources */ = {isa = PBXBuildFile; fileRef = 859A29C623AA9BCA005F8173 /* Assets.xcassets */; };
		859A29CA23AA9BCA005F8173 /* LaunchScreen.storyboard in Resources */ = {isa = PBXBuildFile; fileRef = 859A29C823AA9BCA005F8173 /* LaunchScreen.storyboard */; };
		859A29D523AA9BCA005F8173 /* Hakathon_Say_SomthingTests.swift in Sources */ = {isa = PBXBuildFile; fileRef = 859A29D423AA9BCA005F8173 /* Hakathon_Say_SomthingTests.swift */; };
		859A29E023AA9C96005F8173 /* MessageSelectionViewController.swift in Sources */ = {isa = PBXBuildFile; fileRef = 859A29DF23AA9C96005F8173 /* MessageSelectionViewController.swift */; };
		859A29E223AA9CB2005F8173 /* CongressPeopleViewController.swift in Sources */ = {isa = PBXBuildFile; fileRef = 859A29E123AA9CB2005F8173 /* CongressPeopleViewController.swift */; };
		859A29E423AA9CCA005F8173 /* PreviewViewController.swift in Sources */ = {isa = PBXBuildFile; fileRef = 859A29E323AA9CCA005F8173 /* PreviewViewController.swift */; };
		971F6D8E23AAB8AE007CC67E /* CongressPerson.swift in Sources */ = {isa = PBXBuildFile; fileRef = 971F6D8D23AAB8AE007CC67E /* CongressPerson.swift */; };
/* End PBXBuildFile section */

/* Begin PBXContainerItemProxy section */
		859A29D123AA9BCA005F8173 /* PBXContainerItemProxy */ = {
			isa = PBXContainerItemProxy;
			containerPortal = 859A29B223AA9BC8005F8173 /* Project object */;
			proxyType = 1;
			remoteGlobalIDString = 859A29B923AA9BC8005F8173;
			remoteInfo = "Hakathon-Say_Somthing";
		};
/* End PBXContainerItemProxy section */

/* Begin PBXFileReference section */
		859A29BA23AA9BC8005F8173 /* Hakathon-Say_Somthing.app */ = {isa = PBXFileReference; explicitFileType = wrapper.application; includeInIndex = 0; path = "Hakathon-Say_Somthing.app"; sourceTree = BUILT_PRODUCTS_DIR; };
		859A29BD23AA9BC8005F8173 /* AppDelegate.swift */ = {isa = PBXFileReference; lastKnownFileType = sourcecode.swift; path = AppDelegate.swift; sourceTree = "<group>"; };
		859A29BF23AA9BC8005F8173 /* SceneDelegate.swift */ = {isa = PBXFileReference; lastKnownFileType = sourcecode.swift; path = SceneDelegate.swift; sourceTree = "<group>"; };
		859A29C123AA9BC8005F8173 /* UserInfoViewController.swift */ = {isa = PBXFileReference; lastKnownFileType = sourcecode.swift; path = UserInfoViewController.swift; sourceTree = "<group>"; };
		859A29C623AA9BCA005F8173 /* Assets.xcassets */ = {isa = PBXFileReference; lastKnownFileType = folder.assetcatalog; path = Assets.xcassets; sourceTree = "<group>"; };
		859A29C923AA9BCA005F8173 /* Base */ = {isa = PBXFileReference; lastKnownFileType = file.storyboard; name = Base; path = Base.lproj/LaunchScreen.storyboard; sourceTree = "<group>"; };
		859A29CB23AA9BCA005F8173 /* Info.plist */ = {isa = PBXFileReference; lastKnownFileType = text.plist.xml; path = Info.plist; sourceTree = "<group>"; };
		859A29D023AA9BCA005F8173 /* Hakathon-Say_SomthingTests.xctest */ = {isa = PBXFileReference; explicitFileType = wrapper.cfbundle; includeInIndex = 0; path = "Hakathon-Say_SomthingTests.xctest"; sourceTree = BUILT_PRODUCTS_DIR; };
		859A29D423AA9BCA005F8173 /* Hakathon_Say_SomthingTests.swift */ = {isa = PBXFileReference; lastKnownFileType = sourcecode.swift; path = Hakathon_Say_SomthingTests.swift; sourceTree = "<group>"; };
		859A29D623AA9BCA005F8173 /* Info.plist */ = {isa = PBXFileReference; lastKnownFileType = text.plist.xml; path = Info.plist; sourceTree = "<group>"; };
		859A29DF23AA9C96005F8173 /* MessageSelectionViewController.swift */ = {isa = PBXFileReference; lastKnownFileType = sourcecode.swift; path = MessageSelectionViewController.swift; sourceTree = "<group>"; };
		859A29E123AA9CB2005F8173 /* CongressPeopleViewController.swift */ = {isa = PBXFileReference; lastKnownFileType = sourcecode.swift; path = CongressPeopleViewController.swift; sourceTree = "<group>"; };
		859A29E323AA9CCA005F8173 /* PreviewViewController.swift */ = {isa = PBXFileReference; lastKnownFileType = sourcecode.swift; path = PreviewViewController.swift; sourceTree = "<group>"; };
		971F6D8D23AAB8AE007CC67E /* CongressPerson.swift */ = {isa = PBXFileReference; lastKnownFileType = sourcecode.swift; path = CongressPerson.swift; sourceTree = "<group>"; };
/* End PBXFileReference section */

/* Begin PBXFrameworksBuildPhase section */
		859A29B723AA9BC8005F8173 /* Frameworks */ = {
			isa = PBXFrameworksBuildPhase;
			buildActionMask = 2147483647;
			files = (
			);
			runOnlyForDeploymentPostprocessing = 0;
		};
		859A29CD23AA9BCA005F8173 /* Frameworks */ = {
			isa = PBXFrameworksBuildPhase;
			buildActionMask = 2147483647;
			files = (
			);
			runOnlyForDeploymentPostprocessing = 0;
		};
/* End PBXFrameworksBuildPhase section */

/* Begin PBXGroup section */
		859A29B123AA9BC8005F8173 = {
			isa = PBXGroup;
			children = (
				859A29BC23AA9BC8005F8173 /* Hakathon-Say_Somthing */,
				859A29D323AA9BCA005F8173 /* Hakathon-Say_SomthingTests */,
				859A29BB23AA9BC8005F8173 /* Products */,
			);
			sourceTree = "<group>";
		};
		859A29BB23AA9BC8005F8173 /* Products */ = {
			isa = PBXGroup;
			children = (
				859A29BA23AA9BC8005F8173 /* Hakathon-Say_Somthing.app */,
				859A29D023AA9BCA005F8173 /* Hakathon-Say_SomthingTests.xctest */,
			);
			name = Products;
			sourceTree = "<group>";
		};
		859A29BC23AA9BC8005F8173 /* Hakathon-Say_Somthing */ = {
			isa = PBXGroup;
			children = (
				971F6D8D23AAB8AE007CC67E /* CongressPerson.swift */,
				859A29BD23AA9BC8005F8173 /* AppDelegate.swift */,
				859A29BF23AA9BC8005F8173 /* SceneDelegate.swift */,
				859A29C123AA9BC8005F8173 /* UserInfoViewController.swift */,
				859A29DF23AA9C96005F8173 /* MessageSelectionViewController.swift */,
				859A29E123AA9CB2005F8173 /* CongressPeopleViewController.swift */,
				859A29E323AA9CCA005F8173 /* PreviewViewController.swift */,
				859A29C623AA9BCA005F8173 /* Assets.xcassets */,
				859A29C823AA9BCA005F8173 /* LaunchScreen.storyboard */,
				859A29CB23AA9BCA005F8173 /* Info.plist */,
			);
			path = "Hakathon-Say_Somthing";
			sourceTree = "<group>";
		};
		859A29D323AA9BCA005F8173 /* Hakathon-Say_SomthingTests */ = {
			isa = PBXGroup;
			children = (
				859A29D423AA9BCA005F8173 /* Hakathon_Say_SomthingTests.swift */,
				859A29D623AA9BCA005F8173 /* Info.plist */,
			);
			path = "Hakathon-Say_SomthingTests";
			sourceTree = "<group>";
		};
/* End PBXGroup section */

/* Begin PBXNativeTarget section */
		859A29B923AA9BC8005F8173 /* Hakathon-Say_Somthing */ = {
			isa = PBXNativeTarget;
			buildConfigurationList = 859A29D923AA9BCA005F8173 /* Build configuration list for PBXNativeTarget "Hakathon-Say_Somthing" */;
			buildPhases = (
				859A29B623AA9BC8005F8173 /* Sources */,
				859A29B723AA9BC8005F8173 /* Frameworks */,
				859A29B823AA9BC8005F8173 /* Resources */,
			);
			buildRules = (
			);
			dependencies = (
			);
			name = "Hakathon-Say_Somthing";
			productName = "Hakathon-Say_Somthing";
			productReference = 859A29BA23AA9BC8005F8173 /* Hakathon-Say_Somthing.app */;
			productType = "com.apple.product-type.application";
		};
		859A29CF23AA9BCA005F8173 /* Hakathon-Say_SomthingTests */ = {
			isa = PBXNativeTarget;
			buildConfigurationList = 859A29DC23AA9BCA005F8173 /* Build configuration list for PBXNativeTarget "Hakathon-Say_SomthingTests" */;
			buildPhases = (
				859A29CC23AA9BCA005F8173 /* Sources */,
				859A29CD23AA9BCA005F8173 /* Frameworks */,
				859A29CE23AA9BCA005F8173 /* Resources */,
			);
			buildRules = (
			);
			dependencies = (
				859A29D223AA9BCA005F8173 /* PBXTargetDependency */,
			);
			name = "Hakathon-Say_SomthingTests";
			productName = "Hakathon-Say_SomthingTests";
			productReference = 859A29D023AA9BCA005F8173 /* Hakathon-Say_SomthingTests.xctest */;
			productType = "com.apple.product-type.bundle.unit-test";
		};
/* End PBXNativeTarget section */

/* Begin PBXProject section */
		859A29B223AA9BC8005F8173 /* Project object */ = {
			isa = PBXProject;
			attributes = {
				LastSwiftUpdateCheck = 1120;
				LastUpgradeCheck = 1120;
				ORGANIZATIONNAME = "Mr Wonderful";
				TargetAttributes = {
					859A29B923AA9BC8005F8173 = {
						CreatedOnToolsVersion = 11.2.1;
					};
					859A29CF23AA9BCA005F8173 = {
						CreatedOnToolsVersion = 11.2.1;
						TestTargetID = 859A29B923AA9BC8005F8173;
					};
				};
			};
			buildConfigurationList = 859A29B523AA9BC8005F8173 /* Build configuration list for PBXProject "Hakathon-Say_Somthing" */;
			compatibilityVersion = "Xcode 9.3";
			developmentRegion = en;
			hasScannedForEncodings = 0;
			knownRegions = (
				en,
				Base,
			);
			mainGroup = 859A29B123AA9BC8005F8173;
			productRefGroup = 859A29BB23AA9BC8005F8173 /* Products */;
			projectDirPath = "";
			projectRoot = "";
			targets = (
				859A29B923AA9BC8005F8173 /* Hakathon-Say_Somthing */,
				859A29CF23AA9BCA005F8173 /* Hakathon-Say_SomthingTests */,
			);
		};
/* End PBXProject section */

/* Begin PBXResourcesBuildPhase section */
		859A29B823AA9BC8005F8173 /* Resources */ = {
			isa = PBXResourcesBuildPhase;
			buildActionMask = 2147483647;
			files = (
				859A29CA23AA9BCA005F8173 /* LaunchScreen.storyboard in Resources */,
				859A29C723AA9BCA005F8173 /* Assets.xcassets in Resources */,
			);
			runOnlyForDeploymentPostprocessing = 0;
		};
		859A29CE23AA9BCA005F8173 /* Resources */ = {
			isa = PBXResourcesBuildPhase;
			buildActionMask = 2147483647;
			files = (
			);
			runOnlyForDeploymentPostprocessing = 0;
		};
/* End PBXResourcesBuildPhase section */

/* Begin PBXSourcesBuildPhase section */
		859A29B623AA9BC8005F8173 /* Sources */ = {
			isa = PBXSourcesBuildPhase;
			buildActionMask = 2147483647;
			files = (
				859A29C223AA9BC8005F8173 /* UserInfoViewController.swift in Sources */,
				859A29E223AA9CB2005F8173 /* CongressPeopleViewController.swift in Sources */,
				859A29E023AA9C96005F8173 /* MessageSelectionViewController.swift in Sources */,
				859A29BE23AA9BC8005F8173 /* AppDelegate.swift in Sources */,
				971F6D8E23AAB8AE007CC67E /* CongressPerson.swift in Sources */,
				859A29C023AA9BC8005F8173 /* SceneDelegate.swift in Sources */,
				859A29E423AA9CCA005F8173 /* PreviewViewController.swift in Sources */,
			);
			runOnlyForDeploymentPostprocessing = 0;
		};
		859A29CC23AA9BCA005F8173 /* Sources */ = {
			isa = PBXSourcesBuildPhase;
			buildActionMask = 2147483647;
			files = (
				859A29D523AA9BCA005F8173 /* Hakathon_Say_SomthingTests.swift in Sources */,
			);
			runOnlyForDeploymentPostprocessing = 0;
		};
/* End PBXSourcesBuildPhase section */

/* Begin PBXTargetDependency section */
		859A29D223AA9BCA005F8173 /* PBXTargetDependency */ = {
			isa = PBXTargetDependency;
			target = 859A29B923AA9BC8005F8173 /* Hakathon-Say_Somthing */;
			targetProxy = 859A29D123AA9BCA005F8173 /* PBXContainerItemProxy */;
		};
/* End PBXTargetDependency section */

/* Begin PBXVariantGroup section */
		859A29C823AA9BCA005F8173 /* LaunchScreen.storyboard */ = {
			isa = PBXVariantGroup;
			children = (
				859A29C923AA9BCA005F8173 /* Base */,
			);
			name = LaunchScreen.storyboard;
			sourceTree = "<group>";
		};
/* End PBXVariantGroup section */

/* Begin XCBuildConfiguration section */
		859A29D723AA9BCA005F8173 /* Debug */ = {
			isa = XCBuildConfiguration;
			buildSettings = {
				ALWAYS_SEARCH_USER_PATHS = NO;
				CLANG_ANALYZER_NONNULL = YES;
				CLANG_ANALYZER_NUMBER_OBJECT_CONVERSION = YES_AGGRESSIVE;
				CLANG_CXX_LANGUAGE_STANDARD = "gnu++14";
				CLANG_CXX_LIBRARY = "libc++";
				CLANG_ENABLE_MODULES = YES;
				CLANG_ENABLE_OBJC_ARC = YES;
				CLANG_ENABLE_OBJC_WEAK = YES;
				CLANG_WARN_BLOCK_CAPTURE_AUTORELEASING = YES;
				CLANG_WARN_BOOL_CONVERSION = YES;
				CLANG_WARN_COMMA = YES;
				CLANG_WARN_CONSTANT_CONVERSION = YES;
				CLANG_WARN_DEPRECATED_OBJC_IMPLEMENTATIONS = YES;
				CLANG_WARN_DIRECT_OBJC_ISA_USAGE = YES_ERROR;
				CLANG_WARN_DOCUMENTATION_COMMENTS = YES;
				CLANG_WARN_EMPTY_BODY = YES;
				CLANG_WARN_ENUM_CONVERSION = YES;
				CLANG_WARN_INFINITE_RECURSION = YES;
				CLANG_WARN_INT_CONVERSION = YES;
				CLANG_WARN_NON_LITERAL_NULL_CONVERSION = YES;
				CLANG_WARN_OBJC_IMPLICIT_RETAIN_SELF = YES;
				CLANG_WARN_OBJC_LITERAL_CONVERSION = YES;
				CLANG_WARN_OBJC_ROOT_CLASS = YES_ERROR;
				CLANG_WARN_RANGE_LOOP_ANALYSIS = YES;
				CLANG_WARN_STRICT_PROTOTYPES = YES;
				CLANG_WARN_SUSPICIOUS_MOVE = YES;
				CLANG_WARN_UNGUARDED_AVAILABILITY = YES_AGGRESSIVE;
				CLANG_WARN_UNREACHABLE_CODE = YES;
				CLANG_WARN__DUPLICATE_METHOD_MATCH = YES;
				COPY_PHASE_STRIP = NO;
				DEBUG_INFORMATION_FORMAT = dwarf;
				ENABLE_STRICT_OBJC_MSGSEND = YES;
				ENABLE_TESTABILITY = YES;
				GCC_C_LANGUAGE_STANDARD = gnu11;
				GCC_DYNAMIC_NO_PIC = NO;
				GCC_NO_COMMON_BLOCKS = YES;
				GCC_OPTIMIZATION_LEVEL = 0;
				GCC_PREPROCESSOR_DEFINITIONS = (
					"DEBUG=1",
					"$(inherited)",
				);
				GCC_WARN_64_TO_32_BIT_CONVERSION = YES;
				GCC_WARN_ABOUT_RETURN_TYPE = YES_ERROR;
				GCC_WARN_UNDECLARED_SELECTOR = YES;
				GCC_WARN_UNINITIALIZED_AUTOS = YES_AGGRESSIVE;
				GCC_WARN_UNUSED_FUNCTION = YES;
				GCC_WARN_UNUSED_VARIABLE = YES;
				IPHONEOS_DEPLOYMENT_TARGET = 13.2;
				MTL_ENABLE_DEBUG_INFO = INCLUDE_SOURCE;
				MTL_FAST_MATH = YES;
				ONLY_ACTIVE_ARCH = YES;
				SDKROOT = iphoneos;
				SWIFT_ACTIVE_COMPILATION_CONDITIONS = DEBUG;
				SWIFT_OPTIMIZATION_LEVEL = "-Onone";
			};
			name = Debug;
		};
		859A29D823AA9BCA005F8173 /* Release */ = {
			isa = XCBuildConfiguration;
			buildSettings = {
				ALWAYS_SEARCH_USER_PATHS = NO;
				CLANG_ANALYZER_NONNULL = YES;
				CLANG_ANALYZER_NUMBER_OBJECT_CONVERSION = YES_AGGRESSIVE;
				CLANG_CXX_LANGUAGE_STANDARD = "gnu++14";
				CLANG_CXX_LIBRARY = "libc++";
				CLANG_ENABLE_MODULES = YES;
				CLANG_ENABLE_OBJC_ARC = YES;
				CLANG_ENABLE_OBJC_WEAK = YES;
				CLANG_WARN_BLOCK_CAPTURE_AUTORELEASING = YES;
				CLANG_WARN_BOOL_CONVERSION = YES;
				CLANG_WARN_COMMA = YES;
				CLANG_WARN_CONSTANT_CONVERSION = YES;
				CLANG_WARN_DEPRECATED_OBJC_IMPLEMENTATIONS = YES;
				CLANG_WARN_DIRECT_OBJC_ISA_USAGE = YES_ERROR;
				CLANG_WARN_DOCUMENTATION_COMMENTS = YES;
				CLANG_WARN_EMPTY_BODY = YES;
				CLANG_WARN_ENUM_CONVERSION = YES;
				CLANG_WARN_INFINITE_RECURSION = YES;
				CLANG_WARN_INT_CONVERSION = YES;
				CLANG_WARN_NON_LITERAL_NULL_CONVERSION = YES;
				CLANG_WARN_OBJC_IMPLICIT_RETAIN_SELF = YES;
				CLANG_WARN_OBJC_LITERAL_CONVERSION = YES;
				CLANG_WARN_OBJC_ROOT_CLASS = YES_ERROR;
				CLANG_WARN_RANGE_LOOP_ANALYSIS = YES;
				CLANG_WARN_STRICT_PROTOTYPES = YES;
				CLANG_WARN_SUSPICIOUS_MOVE = YES;
				CLANG_WARN_UNGUARDED_AVAILABILITY = YES_AGGRESSIVE;
				CLANG_WARN_UNREACHABLE_CODE = YES;
				CLANG_WARN__DUPLICATE_METHOD_MATCH = YES;
				COPY_PHASE_STRIP = NO;
				DEBUG_INFORMATION_FORMAT = "dwarf-with-dsym";
				ENABLE_NS_ASSERTIONS = NO;
				ENABLE_STRICT_OBJC_MSGSEND = YES;
				GCC_C_LANGUAGE_STANDARD = gnu11;
				GCC_NO_COMMON_BLOCKS = YES;
				GCC_WARN_64_TO_32_BIT_CONVERSION = YES;
				GCC_WARN_ABOUT_RETURN_TYPE = YES_ERROR;
				GCC_WARN_UNDECLARED_SELECTOR = YES;
				GCC_WARN_UNINITIALIZED_AUTOS = YES_AGGRESSIVE;
				GCC_WARN_UNUSED_FUNCTION = YES;
				GCC_WARN_UNUSED_VARIABLE = YES;
				IPHONEOS_DEPLOYMENT_TARGET = 13.2;
				MTL_ENABLE_DEBUG_INFO = NO;
				MTL_FAST_MATH = YES;
				SDKROOT = iphoneos;
				SWIFT_COMPILATION_MODE = wholemodule;
				SWIFT_OPTIMIZATION_LEVEL = "-O";
				VALIDATE_PRODUCT = YES;
			};
			name = Release;
		};
		859A29DA23AA9BCA005F8173 /* Debug */ = {
			isa = XCBuildConfiguration;
			buildSettings = {
				ASSETCATALOG_COMPILER_APPICON_NAME = AppIcon;
				CODE_SIGN_STYLE = Automatic;
				INFOPLIST_FILE = "Hakathon-Say_Somthing/Info.plist";
				LD_RUNPATH_SEARCH_PATHS = (
					"$(inherited)",
					"@executable_path/Frameworks",
				);
				PRODUCT_BUNDLE_IDENTIFIER = "myApps.Hakathon-Say-Somthing";
				PRODUCT_NAME = "$(TARGET_NAME)";
				SWIFT_VERSION = 5.0;
				TARGETED_DEVICE_FAMILY = "1,2";
			};
			name = Debug;
		};
		859A29DB23AA9BCA005F8173 /* Release */ = {
			isa = XCBuildConfiguration;
			buildSettings = {
				ASSETCATALOG_COMPILER_APPICON_NAME = AppIcon;
				CODE_SIGN_STYLE = Automatic;
				INFOPLIST_FILE = "Hakathon-Say_Somthing/Info.plist";
				LD_RUNPATH_SEARCH_PATHS = (
					"$(inherited)",
					"@executable_path/Frameworks",
				);
				PRODUCT_BUNDLE_IDENTIFIER = "myApps.Hakathon-Say-Somthing";
				PRODUCT_NAME = "$(TARGET_NAME)";
				SWIFT_VERSION = 5.0;
				TARGETED_DEVICE_FAMILY = "1,2";
			};
			name = Release;
		};
		859A29DD23AA9BCA005F8173 /* Debug */ = {
			isa = XCBuildConfiguration;
			buildSettings = {
				ALWAYS_EMBED_SWIFT_STANDARD_LIBRARIES = YES;
				BUNDLE_LOADER = "$(TEST_HOST)";
				CODE_SIGN_STYLE = Automatic;
				INFOPLIST_FILE = "Hakathon-Say_SomthingTests/Info.plist";
				IPHONEOS_DEPLOYMENT_TARGET = 13.2;
				LD_RUNPATH_SEARCH_PATHS = (
					"$(inherited)",
					"@executable_path/Frameworks",
					"@loader_path/Frameworks",
				);
				PRODUCT_BUNDLE_IDENTIFIER = "myApps.Hakathon-Say-SomthingTests";
				PRODUCT_NAME = "$(TARGET_NAME)";
				SWIFT_VERSION = 5.0;
				TARGETED_DEVICE_FAMILY = "1,2";
				TEST_HOST = "$(BUILT_PRODUCTS_DIR)/Hakathon-Say_Somthing.app/Hakathon-Say_Somthing";
			};
			name = Debug;
		};
		859A29DE23AA9BCA005F8173 /* Release */ = {
			isa = XCBuildConfiguration;
			buildSettings = {
				ALWAYS_EMBED_SWIFT_STANDARD_LIBRARIES = YES;
				BUNDLE_LOADER = "$(TEST_HOST)";
				CODE_SIGN_STYLE = Automatic;
				INFOPLIST_FILE = "Hakathon-Say_SomthingTests/Info.plist";
				IPHONEOS_DEPLOYMENT_TARGET = 13.2;
				LD_RUNPATH_SEARCH_PATHS = (
					"$(inherited)",
					"@executable_path/Frameworks",
					"@loader_path/Frameworks",
				);
				PRODUCT_BUNDLE_IDENTIFIER = "myApps.Hakathon-Say-SomthingTests";
				PRODUCT_NAME = "$(TARGET_NAME)";
				SWIFT_VERSION = 5.0;
				TARGETED_DEVICE_FAMILY = "1,2";
				TEST_HOST = "$(BUILT_PRODUCTS_DIR)/Hakathon-Say_Somthing.app/Hakathon-Say_Somthing";
			};
			name = Release;
		};
/* End XCBuildConfiguration section */

/* Begin XCConfigurationList section */
		859A29B523AA9BC8005F8173 /* Build configuration list for PBXProject "Hakathon-Say_Somthing" */ = {
			isa = XCConfigurationList;
			buildConfigurations = (
				859A29D723AA9BCA005F8173 /* Debug */,
				859A29D823AA9BCA005F8173 /* Release */,
			);
			defaultConfigurationIsVisible = 0;
			defaultConfigurationName = Release;
		};
		859A29D923AA9BCA005F8173 /* Build configuration list for PBXNativeTarget "Hakathon-Say_Somthing" */ = {
			isa = XCConfigurationList;
			buildConfigurations = (
				859A29DA23AA9BCA005F8173 /* Debug */,
				859A29DB23AA9BCA005F8173 /* Release */,
			);
			defaultConfigurationIsVisible = 0;
			defaultConfigurationName = Release;
		};
		859A29DC23AA9BCA005F8173 /* Build configuration list for PBXNativeTarget "Hakathon-Say_SomthingTests" */ = {
			isa = XCConfigurationList;
			buildConfigurations = (
				859A29DD23AA9BCA005F8173 /* Debug */,
				859A29DE23AA9BCA005F8173 /* Release */,
			);
			defaultConfigurationIsVisible = 0;
			defaultConfigurationName = Release;
		};
/* End XCConfigurationList section */
	};
	rootObject = 859A29B223AA9BC8005F8173 /* Project object */;
}
